
Microsoft Visual Studio Solution File, Format Version 12.00
# Visual Studio Version 16
VisualStudioVersion = 16.0.30611.23
MinimumVisualStudioVersion = 10.0.40219.1
Project("{FAE04EC0-301F-11D3-BF4B-00C04F79EFBC}") = "Forex", "Forex\Forex.csproj", "{EFCF91A9-3BE1-420F-88A2-533B9E993DCB}"
EndProject
Global
	GlobalSection(SolutionConfigurationPlatforms) = preSolution
		Debug|Any CPU = Debug|Any CPU
		Release|Any CPU = Release|Any CPU
	EndGlobalSection
	GlobalSection(ProjectConfigurationPlatforms) = postSolution
		{EFCF91A9-3BE1-420F-88A2-533B9E993DCB}.Debug|Any CPU.ActiveCfg = Debug|Any CPU
		{EFCF91A9-3BE1-420F-88A2-533B9E993DCB}.Debug|Any CPU.Build.0 = Debug|Any CPU
		{EFCF91A9-3BE1-420F-88A2-533B9E993DCB}.Release|Any CPU.ActiveCfg = Release|Any CPU
		{EFCF91A9-3BE1-420F-88A2-533B9E993DCB}.Release|Any CPU.Build.0 = Release|Any CPU
	EndGlobalSection
	GlobalSection(SolutionProperties) = preSolution
		HideSolutionNode = FALSE
	EndGlobalSection
	GlobalSection(ExtensibilityGlobals) = postSolution
		SolutionGuid = {ED5FA540-F53B-49CF-96DD-B4FF00BF0F1E}
	EndGlobalSection
EndGlobal
